// !$*UTF8*$!
{
	archiveVersion = 1;
	classes = {
	};
	objectVersion = 46;
	objects = {

/* Begin PBXBuildFile section */
		325BEC4B1C673104004C281C /* ElementalCreatorViewController.swift in Sources */ = {isa = PBXBuildFile; fileRef = 325BEC491C673104004C281C /* ElementalCreatorViewController.swift */; };
		325BEC4C1C673104004C281C /* ElementalFeedViewController.swift in Sources */ = {isa = PBXBuildFile; fileRef = 325BEC4A1C673104004C281C /* ElementalFeedViewController.swift */; };
		325BEC4E1C6734D0004C281C /* UserProfileViewController.swift in Sources */ = {isa = PBXBuildFile; fileRef = 325BEC4D1C6734D0004C281C /* UserProfileViewController.swift */; };
		325BEC501C6734E0004C281C /* LoginViewController.swift in Sources */ = {isa = PBXBuildFile; fileRef = 325BEC4F1C6734E0004C281C /* LoginViewController.swift */; };
		325BEC521C6734F4004C281C /* SearchViewController.swift in Sources */ = {isa = PBXBuildFile; fileRef = 325BEC511C6734F4004C281C /* SearchViewController.swift */; };
		326B964F1C691B52009DBA16 /* User.swift in Sources */ = {isa = PBXBuildFile; fileRef = 326B964E1C691B52009DBA16 /* User.swift */; };
		326B96521C691B96009DBA16 /* BridgeHeader.m in Sources */ = {isa = PBXBuildFile; fileRef = 326B96511C691B96009DBA16 /* BridgeHeader.m */; };
		326B96541C692100009DBA16 /* Creature.swift in Sources */ = {isa = PBXBuildFile; fileRef = 326B96531C692100009DBA16 /* Creature.swift */; };
		326B96561C698297009DBA16 /* Comment.swift in Sources */ = {isa = PBXBuildFile; fileRef = 326B96551C698297009DBA16 /* Comment.swift */; };
		8B4827C61C69D57E00E0A868 /* CreatorRowCreator.swift in Sources */ = {isa = PBXBuildFile; fileRef = 8B4827C51C69D57E00E0A868 /* CreatorRowCreator.swift */; };
		8B6405ED1C697E4D00081C13 /* TableViewCell.swift in Sources */ = {isa = PBXBuildFile; fileRef = 8B6405EC1C697E4D00081C13 /* TableViewCell.swift */; };
		8B6405EF1C69808D00081C13 /* ElementalCreatureViewController+Extension.swift in Sources */ = {isa = PBXBuildFile; fileRef = 8B6405EE1C69808D00081C13 /* ElementalCreatureViewController+Extension.swift */; };
		8BDFFA651C64298500982401 /* AppDelegate.swift in Sources */ = {isa = PBXBuildFile; fileRef = 8BDFFA641C64298500982401 /* AppDelegate.swift */; };
		8BDFFA6A1C64298500982401 /* Main.storyboard in Resources */ = {isa = PBXBuildFile; fileRef = 8BDFFA681C64298500982401 /* Main.storyboard */; };
		8BDFFA6D1C64298500982401 /* InstaCreatureGram.xcdatamodeld in Sources */ = {isa = PBXBuildFile; fileRef = 8BDFFA6B1C64298500982401 /* InstaCreatureGram.xcdatamodeld */; };
		8BDFFA6F1C64298500982401 /* Assets.xcassets in Resources */ = {isa = PBXBuildFile; fileRef = 8BDFFA6E1C64298500982401 /* Assets.xcassets */; };
		8BDFFA721C64298500982401 /* LaunchScreen.storyboard in Resources */ = {isa = PBXBuildFile; fileRef = 8BDFFA701C64298500982401 /* LaunchScreen.storyboard */; };
		BAB3B0927EC7C874F44A9FB2 /* libPods-InstaCreatureGram.a in Frameworks */ = {isa = PBXBuildFile; fileRef = CF46C81AB2763E7E8A095F32 /* libPods-InstaCreatureGram.a */; };
/* End PBXBuildFile section */

/* Begin PBXFileReference section */
		325BEC491C673104004C281C /* ElementalCreatorViewController.swift */ = {isa = PBXFileReference; fileEncoding = 4; lastKnownFileType = sourcecode.swift; path = ElementalCreatorViewController.swift; sourceTree = "<group>"; };
		325BEC4A1C673104004C281C /* ElementalFeedViewController.swift */ = {isa = PBXFileReference; fileEncoding = 4; lastKnownFileType = sourcecode.swift; path = ElementalFeedViewController.swift; sourceTree = "<group>"; };
		325BEC4D1C6734D0004C281C /* UserProfileViewController.swift */ = {isa = PBXFileReference; fileEncoding = 4; lastKnownFileType = sourcecode.swift; path = UserProfileViewController.swift; sourceTree = "<group>"; };
		325BEC4F1C6734E0004C281C /* LoginViewController.swift */ = {isa = PBXFileReference; fileEncoding = 4; lastKnownFileType = sourcecode.swift; path = LoginViewController.swift; sourceTree = "<group>"; };
		325BEC511C6734F4004C281C /* SearchViewController.swift */ = {isa = PBXFileReference; fileEncoding = 4; lastKnownFileType = sourcecode.swift; path = SearchViewController.swift; sourceTree = "<group>"; };
		326B964E1C691B52009DBA16 /* User.swift */ = {isa = PBXFileReference; fileEncoding = 4; lastKnownFileType = sourcecode.swift; path = User.swift; sourceTree = "<group>"; };
		326B96501C691B96009DBA16 /* InstaCreatureGram-Bridging-Header.h */ = {isa = PBXFileReference; lastKnownFileType = sourcecode.c.h; path = "InstaCreatureGram-Bridging-Header.h"; sourceTree = "<group>"; };
		326B96511C691B96009DBA16 /* BridgeHeader.m */ = {isa = PBXFileReference; fileEncoding = 4; lastKnownFileType = sourcecode.c.objc; path = BridgeHeader.m; sourceTree = "<group>"; };
		326B96531C692100009DBA16 /* Creature.swift */ = {isa = PBXFileReference; fileEncoding = 4; lastKnownFileType = sourcecode.swift; path = Creature.swift; sourceTree = "<group>"; };
		326B96551C698297009DBA16 /* Comment.swift */ = {isa = PBXFileReference; fileEncoding = 4; lastKnownFileType = sourcecode.swift; path = Comment.swift; sourceTree = "<group>"; };
		4C474670D2F268AD52155969 /* Pods-InstaCreatureGram.release.xcconfig */ = {isa = PBXFileReference; includeInIndex = 1; lastKnownFileType = text.xcconfig; name = "Pods-InstaCreatureGram.release.xcconfig"; path = "Pods/Target Support Files/Pods-InstaCreatureGram/Pods-InstaCreatureGram.release.xcconfig"; sourceTree = "<group>"; };
		8B4827C51C69D57E00E0A868 /* CreatorRowCreator.swift */ = {isa = PBXFileReference; fileEncoding = 4; lastKnownFileType = sourcecode.swift; path = CreatorRowCreator.swift; sourceTree = "<group>"; };
		8B6405EC1C697E4D00081C13 /* TableViewCell.swift */ = {isa = PBXFileReference; fileEncoding = 4; lastKnownFileType = sourcecode.swift; path = TableViewCell.swift; sourceTree = "<group>"; };
		8B6405EE1C69808D00081C13 /* ElementalCreatureViewController+Extension.swift */ = {isa = PBXFileReference; fileEncoding = 4; lastKnownFileType = sourcecode.swift; path = "ElementalCreatureViewController+Extension.swift"; sourceTree = "<group>"; };
		8BDFFA611C64298500982401 /* InstaCreatureGram.app */ = {isa = PBXFileReference; explicitFileType = wrapper.application; includeInIndex = 0; path = InstaCreatureGram.app; sourceTree = BUILT_PRODUCTS_DIR; };
		8BDFFA641C64298500982401 /* AppDelegate.swift */ = {isa = PBXFileReference; lastKnownFileType = sourcecode.swift; path = AppDelegate.swift; sourceTree = "<group>"; };
		8BDFFA691C64298500982401 /* Base */ = {isa = PBXFileReference; lastKnownFileType = file.storyboard; name = Base; path = Base.lproj/Main.storyboard; sourceTree = "<group>"; };
		8BDFFA6C1C64298500982401 /* InstaCreatureGram.xcdatamodel */ = {isa = PBXFileReference; lastKnownFileType = wrapper.xcdatamodel; path = InstaCreatureGram.xcdatamodel; sourceTree = "<group>"; };
		8BDFFA6E1C64298500982401 /* Assets.xcassets */ = {isa = PBXFileReference; lastKnownFileType = folder.assetcatalog; path = Assets.xcassets; sourceTree = "<group>"; };
		8BDFFA711C64298500982401 /* Base */ = {isa = PBXFileReference; lastKnownFileType = file.storyboard; name = Base; path = Base.lproj/LaunchScreen.storyboard; sourceTree = "<group>"; };
		8BDFFA731C64298500982401 /* Info.plist */ = {isa = PBXFileReference; lastKnownFileType = text.plist.xml; path = Info.plist; sourceTree = "<group>"; };
		CF46C81AB2763E7E8A095F32 /* libPods-InstaCreatureGram.a */ = {isa = PBXFileReference; explicitFileType = archive.ar; includeInIndex = 0; path = "libPods-InstaCreatureGram.a"; sourceTree = BUILT_PRODUCTS_DIR; };
		D4D5D0F2942B17A6DF11B01D /* Pods-InstaCreatureGram.debug.xcconfig */ = {isa = PBXFileReference; includeInIndex = 1; lastKnownFileType = text.xcconfig; name = "Pods-InstaCreatureGram.debug.xcconfig"; path = "Pods/Target Support Files/Pods-InstaCreatureGram/Pods-InstaCreatureGram.debug.xcconfig"; sourceTree = "<group>"; };
/* End PBXFileReference section */

/* Begin PBXFrameworksBuildPhase section */
		8BDFFA5E1C64298500982401 /* Frameworks */ = {
			isa = PBXFrameworksBuildPhase;
			buildActionMask = 2147483647;
			files = (
				BAB3B0927EC7C874F44A9FB2 /* libPods-InstaCreatureGram.a in Frameworks */,
			);
			runOnlyForDeploymentPostprocessing = 0;
		};
/* End PBXFrameworksBuildPhase section */

/* Begin PBXGroup section */
		41C7D09CAA8555ECCC3660CE /* Pods */ = {
			isa = PBXGroup;
			children = (
				D4D5D0F2942B17A6DF11B01D /* Pods-InstaCreatureGram.debug.xcconfig */,
				4C474670D2F268AD52155969 /* Pods-InstaCreatureGram.release.xcconfig */,
			);
			name = Pods;
			sourceTree = "<group>";
		};
		8BDFFA581C64298500982401 = {
			isa = PBXGroup;
			children = (
				8BDFFA631C64298500982401 /* InstaCreatureGram */,
				8BDFFA621C64298500982401 /* Products */,
				41C7D09CAA8555ECCC3660CE /* Pods */,
				9435735A0703DDC3A90108D7 /* Frameworks */,
			);
			sourceTree = "<group>";
		};
		8BDFFA621C64298500982401 /* Products */ = {
			isa = PBXGroup;
			children = (
				8BDFFA611C64298500982401 /* InstaCreatureGram.app */,
			);
			name = Products;
			sourceTree = "<group>";
		};
		8BDFFA631C64298500982401 /* InstaCreatureGram */ = {
			isa = PBXGroup;
			children = (
				325BEC491C673104004C281C /* ElementalCreatorViewController.swift */,
				8B6405EE1C69808D00081C13 /* ElementalCreatureViewController+Extension.swift */,
				8B6405EC1C697E4D00081C13 /* TableViewCell.swift */,
				8B4827C51C69D57E00E0A868 /* CreatorRowCreator.swift */,
				325BEC4A1C673104004C281C /* ElementalFeedViewController.swift */,
				325BEC4D1C6734D0004C281C /* UserProfileViewController.swift */,
				325BEC4F1C6734E0004C281C /* LoginViewController.swift */,
				325BEC511C6734F4004C281C /* SearchViewController.swift */,
				8BDFFA641C64298500982401 /* AppDelegate.swift */,
				8BDFFA681C64298500982401 /* Main.storyboard */,
				8BDFFA6E1C64298500982401 /* Assets.xcassets */,
				8BDFFA701C64298500982401 /* LaunchScreen.storyboard */,
				8BDFFA731C64298500982401 /* Info.plist */,
				8BDFFA6B1C64298500982401 /* InstaCreatureGram.xcdatamodeld */,
				326B964E1C691B52009DBA16 /* User.swift */,
				326B96531C692100009DBA16 /* Creature.swift */,
				326B96551C698297009DBA16 /* Comment.swift */,
				326B96511C691B96009DBA16 /* BridgeHeader.m */,
				326B96501C691B96009DBA16 /* InstaCreatureGram-Bridging-Header.h */,
			);
			path = InstaCreatureGram;
			sourceTree = "<group>";
		};
		9435735A0703DDC3A90108D7 /* Frameworks */ = {
			isa = PBXGroup;
			children = (
				CF46C81AB2763E7E8A095F32 /* libPods-InstaCreatureGram.a */,
			);
			name = Frameworks;
			sourceTree = "<group>";
		};
/* End PBXGroup section */

/* Begin PBXNativeTarget section */
		8BDFFA601C64298500982401 /* InstaCreatureGram */ = {
			isa = PBXNativeTarget;
			buildConfigurationList = 8BDFFA761C64298500982401 /* Build configuration list for PBXNativeTarget "InstaCreatureGram" */;
			buildPhases = (
				715E649E59529CF3C3C08DF1 /* Check Pods Manifest.lock */,
				8BDFFA5D1C64298500982401 /* Sources */,
				8BDFFA5E1C64298500982401 /* Frameworks */,
				8BDFFA5F1C64298500982401 /* Resources */,
				E101C92AB904983A6E53EA7F /* Embed Pods Frameworks */,
				0B7EECFF1B26B2AC57C1019A /* Copy Pods Resources */,
			);
			buildRules = (
			);
			dependencies = (
			);
			name = InstaCreatureGram;
			productName = InstaCreatureGram;
			productReference = 8BDFFA611C64298500982401 /* InstaCreatureGram.app */;
			productType = "com.apple.product-type.application";
		};
/* End PBXNativeTarget section */

/* Begin PBXProject section */
		8BDFFA591C64298500982401 /* Project object */ = {
			isa = PBXProject;
			attributes = {
				LastSwiftUpdateCheck = 0720;
				LastUpgradeCheck = 0720;
				ORGANIZATIONNAME = "Matthew Howes Singleton";
				TargetAttributes = {
					8BDFFA601C64298500982401 = {
						CreatedOnToolsVersion = 7.2;
					};
				};
			};
			buildConfigurationList = 8BDFFA5C1C64298500982401 /* Build configuration list for PBXProject "InstaCreatureGram" */;
			compatibilityVersion = "Xcode 3.2";
			developmentRegion = English;
			hasScannedForEncodings = 0;
			knownRegions = (
				en,
				Base,
			);
			mainGroup = 8BDFFA581C64298500982401;
			productRefGroup = 8BDFFA621C64298500982401 /* Products */;
			projectDirPath = "";
			projectRoot = "";
			targets = (
				8BDFFA601C64298500982401 /* InstaCreatureGram */,
			);
		};
/* End PBXProject section */

/* Begin PBXResourcesBuildPhase section */
		8BDFFA5F1C64298500982401 /* Resources */ = {
			isa = PBXResourcesBuildPhase;
			buildActionMask = 2147483647;
			files = (
				8BDFFA721C64298500982401 /* LaunchScreen.storyboard in Resources */,
				8BDFFA6F1C64298500982401 /* Assets.xcassets in Resources */,
				8BDFFA6A1C64298500982401 /* Main.storyboard in Resources */,
			);
			runOnlyForDeploymentPostprocessing = 0;
		};
/* End PBXResourcesBuildPhase section */

/* Begin PBXShellScriptBuildPhase section */
		0B7EECFF1B26B2AC57C1019A /* Copy Pods Resources */ = {
			isa = PBXShellScriptBuildPhase;
			buildActionMask = 2147483647;
			files = (
			);
			inputPaths = (
			);
			name = "Copy Pods Resources";
			outputPaths = (
			);
			runOnlyForDeploymentPostprocessing = 0;
			shellPath = /bin/sh;
			shellScript = "\"${SRCROOT}/Pods/Target Support Files/Pods-InstaCreatureGram/Pods-InstaCreatureGram-resources.sh\"\n";
			showEnvVarsInLog = 0;
		};
		715E649E59529CF3C3C08DF1 /* Check Pods Manifest.lock */ = {
			isa = PBXShellScriptBuildPhase;
			buildActionMask = 2147483647;
			files = (
			);
			inputPaths = (
			);
			name = "Check Pods Manifest.lock";
			outputPaths = (
			);
			runOnlyForDeploymentPostprocessing = 0;
			shellPath = /bin/sh;
			shellScript = "diff \"${PODS_ROOT}/../Podfile.lock\" \"${PODS_ROOT}/Manifest.lock\" > /dev/null\nif [[ $? != 0 ]] ; then\n    cat << EOM\nerror: The sandbox is not in sync with the Podfile.lock. Run 'pod install' or update your CocoaPods installation.\nEOM\n    exit 1\nfi\n";
			showEnvVarsInLog = 0;
		};
		E101C92AB904983A6E53EA7F /* Embed Pods Frameworks */ = {
			isa = PBXShellScriptBuildPhase;
			buildActionMask = 2147483647;
			files = (
			);
			inputPaths = (
			);
			name = "Embed Pods Frameworks";
			outputPaths = (
			);
			runOnlyForDeploymentPostprocessing = 0;
			shellPath = /bin/sh;
			shellScript = "\"${SRCROOT}/Pods/Target Support Files/Pods-InstaCreatureGram/Pods-InstaCreatureGram-frameworks.sh\"\n";
			showEnvVarsInLog = 0;
		};
/* End PBXShellScriptBuildPhase section */

/* Begin PBXSourcesBuildPhase section */
		8BDFFA5D1C64298500982401 /* Sources */ = {
			isa = PBXSourcesBuildPhase;
			buildActionMask = 2147483647;
			files = (
				8B4827C61C69D57E00E0A868 /* CreatorRowCreator.swift in Sources */,
				325BEC501C6734E0004C281C /* LoginViewController.swift in Sources */,
				326B96521C691B96009DBA16 /* BridgeHeader.m in Sources */,
				325BEC521C6734F4004C281C /* SearchViewController.swift in Sources */,
				325BEC4C1C673104004C281C /* ElementalFeedViewController.swift in Sources */,
				325BEC4E1C6734D0004C281C /* UserProfileViewController.swift in Sources */,
				326B964F1C691B52009DBA16 /* User.swift in Sources */,
				8B6405ED1C697E4D00081C13 /* TableViewCell.swift in Sources */,
				325BEC4B1C673104004C281C /* ElementalCreatorViewController.swift in Sources */,
				8B6405EF1C69808D00081C13 /* ElementalCreatureViewController+Extension.swift in Sources */,
				8BDFFA6D1C64298500982401 /* InstaCreatureGram.xcdatamodeld in Sources */,
				326B96541C692100009DBA16 /* Creature.swift in Sources */,
				326B96561C698297009DBA16 /* Comment.swift in Sources */,
				8BDFFA651C64298500982401 /* AppDelegate.swift in Sources */,
			);
			runOnlyForDeploymentPostprocessing = 0;
		};
/* End PBXSourcesBuildPhase section */

/* Begin PBXVariantGroup section */
		8BDFFA681C64298500982401 /* Main.storyboard */ = {
			isa = PBXVariantGroup;
			children = (
				8BDFFA691C64298500982401 /* Base */,
			);
			name = Main.storyboard;
			sourceTree = "<group>";
		};
		8BDFFA701C64298500982401 /* LaunchScreen.storyboard */ = {
			isa = PBXVariantGroup;
			children = (
				8BDFFA711C64298500982401 /* Base */,
			);
			name = LaunchScreen.storyboard;
			sourceTree = "<group>";
		};
/* End PBXVariantGroup section */

/* Begin XCBuildConfiguration section */
		8BDFFA741C64298500982401 /* Debug */ = {
			isa = XCBuildConfiguration;
			buildSettings = {
				ALWAYS_SEARCH_USER_PATHS = NO;
				CLANG_CXX_LANGUAGE_STANDARD = "gnu++0x";
				CLANG_CXX_LIBRARY = "libc++";
				CLANG_ENABLE_MODULES = YES;
				CLANG_ENABLE_OBJC_ARC = YES;
				CLANG_WARN_BOOL_CONVERSION = YES;
				CLANG_WARN_CONSTANT_CONVERSION = YES;
				CLANG_WARN_DIRECT_OBJC_ISA_USAGE = YES_ERROR;
				CLANG_WARN_EMPTY_BODY = YES;
				CLANG_WARN_ENUM_CONVERSION = YES;
				CLANG_WARN_INT_CONVERSION = YES;
				CLANG_WARN_OBJC_ROOT_CLASS = YES_ERROR;
				CLANG_WARN_UNREACHABLE_CODE = YES;
				CLANG_WARN__DUPLICATE_METHOD_MATCH = YES;
				"CODE_SIGN_IDENTITY[sdk=iphoneos*]" = "iPhone Developer";
				COPY_PHASE_STRIP = NO;
				DEBUG_INFORMATION_FORMAT = dwarf;
				ENABLE_STRICT_OBJC_MSGSEND = YES;
				ENABLE_TESTABILITY = YES;
				GCC_C_LANGUAGE_STANDARD = gnu99;
				GCC_DYNAMIC_NO_PIC = NO;
				GCC_NO_COMMON_BLOCKS = YES;
				GCC_OPTIMIZATION_LEVEL = 0;
				GCC_PREPROCESSOR_DEFINITIONS = (
					"DEBUG=1",
					"$(inherited)",
				);
				GCC_WARN_64_TO_32_BIT_CONVERSION = YES;
				GCC_WARN_ABOUT_RETURN_TYPE = YES_ERROR;
				GCC_WARN_UNDECLARED_SELECTOR = YES;
				GCC_WARN_UNINITIALIZED_AUTOS = YES_AGGRESSIVE;
				GCC_WARN_UNUSED_FUNCTION = YES;
				GCC_WARN_UNUSED_VARIABLE = YES;
				IPHONEOS_DEPLOYMENT_TARGET = 9.2;
				MTL_ENABLE_DEBUG_INFO = YES;
				ONLY_ACTIVE_ARCH = YES;
				SDKROOT = iphoneos;
				SWIFT_OPTIMIZATION_LEVEL = "-Onone";
			};
			name = Debug;
		};
		8BDFFA751C64298500982401 /* Release */ = {
			isa = XCBuildConfiguration;
			buildSettings = {
				ALWAYS_SEARCH_USER_PATHS = NO;
				CLANG_CXX_LANGUAGE_STANDARD = "gnu++0x";
				CLANG_CXX_LIBRARY = "libc++";
				CLANG_ENABLE_MODULES = YES;
				CLANG_ENABLE_OBJC_ARC = YES;
				CLANG_WARN_BOOL_CONVERSION = YES;
				CLANG_WARN_CONSTANT_CONVERSION = YES;
				CLANG_WARN_DIRECT_OBJC_ISA_USAGE = YES_ERROR;
				CLANG_WARN_EMPTY_BODY = YES;
				CLANG_WARN_ENUM_CONVERSION = YES;
				CLANG_WARN_INT_CONVERSION = YES;
				CLANG_WARN_OBJC_ROOT_CLASS = YES_ERROR;
				CLANG_WARN_UNREACHABLE_CODE = YES;
				CLANG_WARN__DUPLICATE_METHOD_MATCH = YES;
				"CODE_SIGN_IDENTITY[sdk=iphoneos*]" = "iPhone Developer";
				COPY_PHASE_STRIP = NO;
				DEBUG_INFORMATION_FORMAT = "dwarf-with-dsym";
				ENABLE_NS_ASSERTIONS = NO;
				ENABLE_STRICT_OBJC_MSGSEND = YES;
				GCC_C_LANGUAGE_STANDARD = gnu99;
				GCC_NO_COMMON_BLOCKS = YES;
				GCC_WARN_64_TO_32_BIT_CONVERSION = YES;
				GCC_WARN_ABOUT_RETURN_TYPE = YES_ERROR;
				GCC_WARN_UNDECLARED_SELECTOR = YES;
				GCC_WARN_UNINITIALIZED_AUTOS = YES_AGGRESSIVE;
				GCC_WARN_UNUSED_FUNCTION = YES;
				GCC_WARN_UNUSED_VARIABLE = YES;
				IPHONEOS_DEPLOYMENT_TARGET = 9.2;
				MTL_ENABLE_DEBUG_INFO = NO;
				SDKROOT = iphoneos;
				VALIDATE_PRODUCT = YES;
			};
			name = Release;
		};
		8BDFFA771C64298500982401 /* Debug */ = {
			isa = XCBuildConfiguration;
			baseConfigurationReference = D4D5D0F2942B17A6DF11B01D /* Pods-InstaCreatureGram.debug.xcconfig */;
			buildSettings = {
				ASSETCATALOG_COMPILER_APPICON_NAME = AppIcon;
				CLANG_ENABLE_MODULES = YES;
				INFOPLIST_FILE = InstaCreatureGram/Info.plist;
				LD_RUNPATH_SEARCH_PATHS = "$(inherited) @executable_path/Frameworks";
				PRODUCT_BUNDLE_IDENTIFIER = edu.InstaCreatureGram;
				PRODUCT_NAME = "$(TARGET_NAME)";
				SWIFT_OBJC_BRIDGING_HEADER = "InstaCreatureGram/InstaCreatureGram-Bridging-Header.h";
				SWIFT_OPTIMIZATION_LEVEL = "-Onone";
			};
			name = Debug;
		};
		8BDFFA781C64298500982401 /* Release */ = {
			isa = XCBuildConfiguration;
			baseConfigurationReference = 4C474670D2F268AD52155969 /* Pods-InstaCreatureGram.release.xcconfig */;
			buildSettings = {
				ASSETCATALOG_COMPILER_APPICON_NAME = AppIcon;
				CLANG_ENABLE_MODULES = YES;
				INFOPLIST_FILE = InstaCreatureGram/Info.plist;
				LD_RUNPATH_SEARCH_PATHS = "$(inherited) @executable_path/Frameworks";
				PRODUCT_BUNDLE_IDENTIFIER = edu.InstaCreatureGram;
				PRODUCT_NAME = "$(TARGET_NAME)";
				SWIFT_OBJC_BRIDGING_HEADER = "InstaCreatureGram/InstaCreatureGram-Bridging-Header.h";
			};
			name = Release;
		};
/* End XCBuildConfiguration section */

/* Begin XCConfigurationList section */
		8BDFFA5C1C64298500982401 /* Build configuration list for PBXProject "InstaCreatureGram" */ = {
			isa = XCConfigurationList;
			buildConfigurations = (
				8BDFFA741C64298500982401 /* Debug */,
				8BDFFA751C64298500982401 /* Release */,
			);
			defaultConfigurationIsVisible = 0;
			defaultConfigurationName = Release;
		};
		8BDFFA761C64298500982401 /* Build configuration list for PBXNativeTarget "InstaCreatureGram" */ = {
			isa = XCConfigurationList;
			buildConfigurations = (
				8BDFFA771C64298500982401 /* Debug */,
				8BDFFA781C64298500982401 /* Release */,
			);
			defaultConfigurationIsVisible = 0;
			defaultConfigurationName = Release;
		};
/* End XCConfigurationList section */

/* Begin XCVersionGroup section */
		8BDFFA6B1C64298500982401 /* InstaCreatureGram.xcdatamodeld */ = {
			isa = XCVersionGroup;
			children = (
				8BDFFA6C1C64298500982401 /* InstaCreatureGram.xcdatamodel */,
			);
			currentVersion = 8BDFFA6C1C64298500982401 /* InstaCreatureGram.xcdatamodel */;
			path = InstaCreatureGram.xcdatamodeld;
			sourceTree = "<group>";
			versionGroupType = wrapper.xcdatamodel;
		};
/* End XCVersionGroup section */
	};
	rootObject = 8BDFFA591C64298500982401 /* Project object */;
}
